
Microsoft Visual Studio Solution File, Format Version 12.00
# Visual Studio Version 17
VisualStudioVersion = 17.6.33801.468
MinimumVisualStudioVersion = 10.0.40219.1
Project("{9A19103F-16F7-4668-BE54-9A1E7A4F7556}") = "stage0", "stage0\stage0.csproj", "{EF7AE85D-070E-4CE7-BF26-9DC1CDA6F6BC}"
EndProject
Project("{2150E333-8FDC-42A3-9474-1A3956D46DE8}") = "Solution Items", "Solution Items", "{037F985A-9D77-4368-8E1D-A987F83875BA}"
	ProjectSection(SolutionItems) = preProject
		README.md = README.md
	EndProjectSection
EndProject
Project("{9A19103F-16F7-4668-BE54-9A1E7A4F7556}") = "DalList", "DalList\DalList.csproj", "{6DBF9F3D-19EB-4255-84F5-470CE695BDE9}"
EndProject
Project("{9A19103F-16F7-4668-BE54-9A1E7A4F7556}") = "DalFacade", "DalFacade\DalFacade.csproj", "{0519FEEA-BF49-4C7F-8640-E7CF72D21179}"
EndProject
Project("{9A19103F-16F7-4668-BE54-9A1E7A4F7556}") = "DalTest", "DalTest\DalTest.csproj", "{B47E6489-39A3-49A0-9ED5-7622DAF5AE86}"
EndProject
Project("{9A19103F-16F7-4668-BE54-9A1E7A4F7556}") = "DalXml", "DalXml\DalXml.csproj", "{71E052E7-E155-4B7D-B05A-6E3BA19FB4CE}"
EndProject
Project("{2150E333-8FDC-42A3-9474-1A3956D46DE8}") = "xml", "xml", "{BCE972F5-16F3-4099-824F-69E958117DC3}"
	ProjectSection(SolutionItems) = preProject
		xml\assignments.xml = xml\assignments.xml
		xml\calls.xml = xml\calls.xml
		xml\dal-config.xml = xml\dal-config.xml
		xml\data-config.xml = xml\data-config.xml
		xml\volunteers.xml = xml\volunteers.xml
	EndProjectSection
EndProject
Project("{FAE04EC0-301F-11D3-BF4B-00C04F79EFBC}") = "BL", "BL\BL.csproj", "{E413815C-5A77-42F3-B59A-5A3E3E5C80AB}"
EndProject
Project("{FAE04EC0-301F-11D3-BF4B-00C04F79EFBC}") = "BlTest", "BlTest\BlTest.csproj", "{D5948766-DC53-4E5A-99F4-A5C5F69C1CED}"
EndProject
Project("{FAE04EC0-301F-11D3-BF4B-00C04F79EFBC}") = "PL", "PL\PL.csproj", "{91A42D12-D5D1-4E7D-AF46-5C3BB72FE8CD}"
EndProject
Global
	GlobalSection(SolutionConfigurationPlatforms) = preSolution
		Debug|Any CPU = Debug|Any CPU
		Release|Any CPU = Release|Any CPU
	EndGlobalSection
	GlobalSection(ProjectConfigurationPlatforms) = postSolution
		{EF7AE85D-070E-4CE7-BF26-9DC1CDA6F6BC}.Debug|Any CPU.ActiveCfg = Debug|Any CPU
		{EF7AE85D-070E-4CE7-BF26-9DC1CDA6F6BC}.Debug|Any CPU.Build.0 = Debug|Any CPU
		{EF7AE85D-070E-4CE7-BF26-9DC1CDA6F6BC}.Release|Any CPU.ActiveCfg = Release|Any CPU
		{EF7AE85D-070E-4CE7-BF26-9DC1CDA6F6BC}.Release|Any CPU.Build.0 = Release|Any CPU
		{6DBF9F3D-19EB-4255-84F5-470CE695BDE9}.Debug|Any CPU.ActiveCfg = Debug|Any CPU
		{6DBF9F3D-19EB-4255-84F5-470CE695BDE9}.Debug|Any CPU.Build.0 = Debug|Any CPU
		{6DBF9F3D-19EB-4255-84F5-470CE695BDE9}.Release|Any CPU.ActiveCfg = Release|Any CPU
		{6DBF9F3D-19EB-4255-84F5-470CE695BDE9}.Release|Any CPU.Build.0 = Release|Any CPU
		{0519FEEA-BF49-4C7F-8640-E7CF72D21179}.Debug|Any CPU.ActiveCfg = Debug|Any CPU
		{0519FEEA-BF49-4C7F-8640-E7CF72D21179}.Debug|Any CPU.Build.0 = Debug|Any CPU
		{0519FEEA-BF49-4C7F-8640-E7CF72D21179}.Release|Any CPU.ActiveCfg = Release|Any CPU
		{0519FEEA-BF49-4C7F-8640-E7CF72D21179}.Release|Any CPU.Build.0 = Release|Any CPU
		{B47E6489-39A3-49A0-9ED5-7622DAF5AE86}.Debug|Any CPU.ActiveCfg = Debug|Any CPU
		{B47E6489-39A3-49A0-9ED5-7622DAF5AE86}.Debug|Any CPU.Build.0 = Debug|Any CPU
		{B47E6489-39A3-49A0-9ED5-7622DAF5AE86}.Release|Any CPU.ActiveCfg = Release|Any CPU
		{B47E6489-39A3-49A0-9ED5-7622DAF5AE86}.Release|Any CPU.Build.0 = Release|Any CPU
		{71E052E7-E155-4B7D-B05A-6E3BA19FB4CE}.Debug|Any CPU.ActiveCfg = Debug|Any CPU
		{71E052E7-E155-4B7D-B05A-6E3BA19FB4CE}.Debug|Any CPU.Build.0 = Debug|Any CPU
		{71E052E7-E155-4B7D-B05A-6E3BA19FB4CE}.Release|Any CPU.ActiveCfg = Release|Any CPU
		{71E052E7-E155-4B7D-B05A-6E3BA19FB4CE}.Release|Any CPU.Build.0 = Release|Any CPU
		{E413815C-5A77-42F3-B59A-5A3E3E5C80AB}.Debug|Any CPU.ActiveCfg = Debug|Any CPU
		{E413815C-5A77-42F3-B59A-5A3E3E5C80AB}.Debug|Any CPU.Build.0 = Debug|Any CPU
		{E413815C-5A77-42F3-B59A-5A3E3E5C80AB}.Release|Any CPU.ActiveCfg = Release|Any CPU
		{E413815C-5A77-42F3-B59A-5A3E3E5C80AB}.Release|Any CPU.Build.0 = Release|Any CPU
		{D5948766-DC53-4E5A-99F4-A5C5F69C1CED}.Debug|Any CPU.ActiveCfg = Debug|Any CPU
		{D5948766-DC53-4E5A-99F4-A5C5F69C1CED}.Debug|Any CPU.Build.0 = Debug|Any CPU
		{D5948766-DC53-4E5A-99F4-A5C5F69C1CED}.Release|Any CPU.ActiveCfg = Release|Any CPU
		{D5948766-DC53-4E5A-99F4-A5C5F69C1CED}.Release|Any CPU.Build.0 = Release|Any CPU
		{91A42D12-D5D1-4E7D-AF46-5C3BB72FE8CD}.Debug|Any CPU.ActiveCfg = Debug|Any CPU
		{91A42D12-D5D1-4E7D-AF46-5C3BB72FE8CD}.Debug|Any CPU.Build.0 = Debug|Any CPU
		{91A42D12-D5D1-4E7D-AF46-5C3BB72FE8CD}.Release|Any CPU.ActiveCfg = Release|Any CPU
		{91A42D12-D5D1-4E7D-AF46-5C3BB72FE8CD}.Release|Any CPU.Build.0 = Release|Any CPU
	EndGlobalSection
	GlobalSection(SolutionProperties) = preSolution
		HideSolutionNode = FALSE
	EndGlobalSection
	GlobalSection(NestedProjects) = preSolution
		{71E052E7-E155-4B7D-B05A-6E3BA19FB4CE} = {037F985A-9D77-4368-8E1D-A987F83875BA}
		{BCE972F5-16F3-4099-824F-69E958117DC3} = {037F985A-9D77-4368-8E1D-A987F83875BA}
	EndGlobalSection
	GlobalSection(ExtensibilityGlobals) = postSolution
		SolutionGuid = {4854734B-4FCE-43D5-B4BB-222338870726}
	EndGlobalSection
EndGlobal
